
Microsoft Visual Studio Solution File, Format Version 12.00
# Visual Studio Version 16
VisualStudioVersion = 16.0.30104.148
MinimumVisualStudioVersion = 10.0.40219.1
Project("{FAE04EC0-301F-11D3-BF4B-00C04F79EFBC}") = "ConsoleZip", "ConsoleZip\ConsoleZip.csproj", "{02D7E716-F395-4213-A1B9-903EAE394251}"
EndProject
Global
	GlobalSection(SolutionConfigurationPlatforms) = preSolution
		Debug|Any CPU = Debug|Any CPU
		Release|Any CPU = Release|Any CPU
	EndGlobalSection
	GlobalSection(ProjectConfigurationPlatforms) = postSolution
		{02D7E716-F395-4213-A1B9-903EAE394251}.Debug|Any CPU.ActiveCfg = Debug|Any CPU
		{02D7E716-F395-4213-A1B9-903EAE394251}.Debug|Any CPU.Build.0 = Debug|Any CPU
		{02D7E716-F395-4213-A1B9-903EAE394251}.Release|Any CPU.ActiveCfg = Release|Any CPU
		{02D7E716-F395-4213-A1B9-903EAE394251}.Release|Any CPU.Build.0 = Release|Any CPU
	EndGlobalSection
	GlobalSection(SolutionProperties) = preSolution
		HideSolutionNode = FALSE
	EndGlobalSection
	GlobalSection(ExtensibilityGlobals) = postSolution
		SolutionGuid = {284447E3-B1F8-4EA9-958E-91E56C42D699}
	EndGlobalSection
EndGlobal
